// !$*UTF8*$!
{
	archiveVersion = 1;
	classes = {
	};
	objectVersion = 56;
	objects = {

/* Begin PBXBuildFile section */
		8E43C868295C71ED00B1BF51 /* GoogleService-Info.plist in Resources */ = {isa = PBXBuildFile; fileRef = 8E43C867295C71ED00B1BF51 /* GoogleService-Info.plist */; };
		8E43C86B295C772200B1BF51 /* FirebaseAnalytics in Frameworks */ = {isa = PBXBuildFile; productRef = 8E43C86A295C772200B1BF51 /* FirebaseAnalytics */; };
		8E43C86D295C772200B1BF51 /* FirebaseAnalyticsSwift in Frameworks */ = {isa = PBXBuildFile; productRef = 8E43C86C295C772200B1BF51 /* FirebaseAnalyticsSwift */; };
		8E4CA1632923760C00D06651 /* AppDelegate.swift in Sources */ = {isa = PBXBuildFile; fileRef = 8E4CA1622923760C00D06651 /* AppDelegate.swift */; };
		8E4CA1652923760C00D06651 /* SceneDelegate.swift in Sources */ = {isa = PBXBuildFile; fileRef = 8E4CA1642923760C00D06651 /* SceneDelegate.swift */; };
		8E4CA1672923760C00D06651 /* ViewController.swift in Sources */ = {isa = PBXBuildFile; fileRef = 8E4CA1662923760C00D06651 /* ViewController.swift */; };
		8E4CA16A2923760C00D06651 /* Main.storyboard in Resources */ = {isa = PBXBuildFile; fileRef = 8E4CA1682923760C00D06651 /* Main.storyboard */; };
		8E4CA16C2923760F00D06651 /* Assets.xcassets in Resources */ = {isa = PBXBuildFile; fileRef = 8E4CA16B2923760F00D06651 /* Assets.xcassets */; };
		8E4CA16F2923760F00D06651 /* LaunchScreen.storyboard in Resources */ = {isa = PBXBuildFile; fileRef = 8E4CA16D2923760F00D06651 /* LaunchScreen.storyboard */; };
		8E4CA17A2923760F00D06651 /* NuorisoKorttiTests.swift in Sources */ = {isa = PBXBuildFile; fileRef = 8E4CA1792923760F00D06651 /* NuorisoKorttiTests.swift */; };
		8E4CA1842923760F00D06651 /* NuorisoKorttiUITests.swift in Sources */ = {isa = PBXBuildFile; fileRef = 8E4CA1832923760F00D06651 /* NuorisoKorttiUITests.swift */; };
		8E4CA1862923760F00D06651 /* NuorisoKorttiUITestsLaunchTests.swift in Sources */ = {isa = PBXBuildFile; fileRef = 8E4CA1852923760F00D06651 /* NuorisoKorttiUITestsLaunchTests.swift */; };
/* End PBXBuildFile section */

/* Begin PBXContainerItemProxy section */
		8E4CA1762923760F00D06651 /* PBXContainerItemProxy */ = {
			isa = PBXContainerItemProxy;
			containerPortal = 8E4CA1572923760C00D06651 /* Project object */;
			proxyType = 1;
			remoteGlobalIDString = 8E4CA15E2923760C00D06651;
			remoteInfo = NuorisoKortti;
		};
		8E4CA1802923760F00D06651 /* PBXContainerItemProxy */ = {
			isa = PBXContainerItemProxy;
			containerPortal = 8E4CA1572923760C00D06651 /* Project object */;
			proxyType = 1;
			remoteGlobalIDString = 8E4CA15E2923760C00D06651;
			remoteInfo = NuorisoKortti;
		};
/* End PBXContainerItemProxy section */

/* Begin PBXFileReference section */
		8E43C867295C71ED00B1BF51 /* GoogleService-Info.plist */ = {isa = PBXFileReference; fileEncoding = 4; lastKnownFileType = text.plist.xml; path = "GoogleService-Info.plist"; sourceTree = "<group>"; };
		8E4CA15F2923760C00D06651 /* NuorisoKortti.app */ = {isa = PBXFileReference; explicitFileType = wrapper.application; includeInIndex = 0; path = NuorisoKortti.app; sourceTree = BUILT_PRODUCTS_DIR; };
		8E4CA1622923760C00D06651 /* AppDelegate.swift */ = {isa = PBXFileReference; lastKnownFileType = sourcecode.swift; path = AppDelegate.swift; sourceTree = "<group>"; };
		8E4CA1642923760C00D06651 /* SceneDelegate.swift */ = {isa = PBXFileReference; lastKnownFileType = sourcecode.swift; path = SceneDelegate.swift; sourceTree = "<group>"; };
		8E4CA1662923760C00D06651 /* ViewController.swift */ = {isa = PBXFileReference; lastKnownFileType = sourcecode.swift; path = ViewController.swift; sourceTree = "<group>"; };
		8E4CA1692923760C00D06651 /* Base */ = {isa = PBXFileReference; lastKnownFileType = file.storyboard; name = Base; path = Base.lproj/Main.storyboard; sourceTree = "<group>"; };
		8E4CA16B2923760F00D06651 /* Assets.xcassets */ = {isa = PBXFileReference; lastKnownFileType = folder.assetcatalog; path = Assets.xcassets; sourceTree = "<group>"; };
		8E4CA16E2923760F00D06651 /* Base */ = {isa = PBXFileReference; lastKnownFileType = file.storyboard; name = Base; path = Base.lproj/LaunchScreen.storyboard; sourceTree = "<group>"; };
		8E4CA1702923760F00D06651 /* Info.plist */ = {isa = PBXFileReference; lastKnownFileType = text.plist.xml; path = Info.plist; sourceTree = "<group>"; };
		8E4CA1752923760F00D06651 /* NuorisoKorttiTests.xctest */ = {isa = PBXFileReference; explicitFileType = wrapper.cfbundle; includeInIndex = 0; path = NuorisoKorttiTests.xctest; sourceTree = BUILT_PRODUCTS_DIR; };
		8E4CA1792923760F00D06651 /* NuorisoKorttiTests.swift */ = {isa = PBXFileReference; lastKnownFileType = sourcecode.swift; path = NuorisoKorttiTests.swift; sourceTree = "<group>"; };
		8E4CA17F2923760F00D06651 /* NuorisoKorttiUITests.xctest */ = {isa = PBXFileReference; explicitFileType = wrapper.cfbundle; includeInIndex = 0; path = NuorisoKorttiUITests.xctest; sourceTree = BUILT_PRODUCTS_DIR; };
		8E4CA1832923760F00D06651 /* NuorisoKorttiUITests.swift */ = {isa = PBXFileReference; lastKnownFileType = sourcecode.swift; path = NuorisoKorttiUITests.swift; sourceTree = "<group>"; };
		8E4CA1852923760F00D06651 /* NuorisoKorttiUITestsLaunchTests.swift */ = {isa = PBXFileReference; lastKnownFileType = sourcecode.swift; path = NuorisoKorttiUITestsLaunchTests.swift; sourceTree = "<group>"; };
/* End PBXFileReference section */

/* Begin PBXFrameworksBuildPhase section */
		8E4CA15C2923760C00D06651 /* Frameworks */ = {
			isa = PBXFrameworksBuildPhase;
			buildActionMask = 2147483647;
			files = (
				8E43C86D295C772200B1BF51 /* FirebaseAnalyticsSwift in Frameworks */,
				8E43C86B295C772200B1BF51 /* FirebaseAnalytics in Frameworks */,
			);
			runOnlyForDeploymentPostprocessing = 0;
		};
		8E4CA1722923760F00D06651 /* Frameworks */ = {
			isa = PBXFrameworksBuildPhase;
			buildActionMask = 2147483647;
			files = (
			);
			runOnlyForDeploymentPostprocessing = 0;
		};
		8E4CA17C2923760F00D06651 /* Frameworks */ = {
			isa = PBXFrameworksBuildPhase;
			buildActionMask = 2147483647;
			files = (
			);
			runOnlyForDeploymentPostprocessing = 0;
		};
/* End PBXFrameworksBuildPhase section */

/* Begin PBXGroup section */
		8E4CA1562923760C00D06651 = {
			isa = PBXGroup;
			children = (
				8E4CA1612923760C00D06651 /* NuorisoKortti */,
				8E4CA1782923760F00D06651 /* NuorisoKorttiTests */,
				8E4CA1822923760F00D06651 /* NuorisoKorttiUITests */,
				8E4CA1602923760C00D06651 /* Products */,
			);
			sourceTree = "<group>";
		};
		8E4CA1602923760C00D06651 /* Products */ = {
			isa = PBXGroup;
			children = (
				8E4CA15F2923760C00D06651 /* NuorisoKortti.app */,
				8E4CA1752923760F00D06651 /* NuorisoKorttiTests.xctest */,
				8E4CA17F2923760F00D06651 /* NuorisoKorttiUITests.xctest */,
			);
			name = Products;
			sourceTree = "<group>";
		};
		8E4CA1612923760C00D06651 /* NuorisoKortti */ = {
			isa = PBXGroup;
			children = (
				8E43C867295C71ED00B1BF51 /* GoogleService-Info.plist */,
				8E4CA1622923760C00D06651 /* AppDelegate.swift */,
				8E4CA1642923760C00D06651 /* SceneDelegate.swift */,
				8E4CA1662923760C00D06651 /* ViewController.swift */,
				8E4CA1682923760C00D06651 /* Main.storyboard */,
				8E4CA16B2923760F00D06651 /* Assets.xcassets */,
				8E4CA16D2923760F00D06651 /* LaunchScreen.storyboard */,
				8E4CA1702923760F00D06651 /* Info.plist */,
			);
			path = NuorisoKortti;
			sourceTree = "<group>";
		};
		8E4CA1782923760F00D06651 /* NuorisoKorttiTests */ = {
			isa = PBXGroup;
			children = (
				8E4CA1792923760F00D06651 /* NuorisoKorttiTests.swift */,
			);
			path = NuorisoKorttiTests;
			sourceTree = "<group>";
		};
		8E4CA1822923760F00D06651 /* NuorisoKorttiUITests */ = {
			isa = PBXGroup;
			children = (
				8E4CA1832923760F00D06651 /* NuorisoKorttiUITests.swift */,
				8E4CA1852923760F00D06651 /* NuorisoKorttiUITestsLaunchTests.swift */,
			);
			path = NuorisoKorttiUITests;
			sourceTree = "<group>";
		};
/* End PBXGroup section */

/* Begin PBXNativeTarget section */
		8E4CA15E2923760C00D06651 /* NuorisoKortti */ = {
			isa = PBXNativeTarget;
			buildConfigurationList = 8E4CA1892923760F00D06651 /* Build configuration list for PBXNativeTarget "NuorisoKortti" */;
			buildPhases = (
				8E4CA15B2923760C00D06651 /* Sources */,
				8E4CA15C2923760C00D06651 /* Frameworks */,
				8E4CA15D2923760C00D06651 /* Resources */,
			);
			buildRules = (
			);
			dependencies = (
			);
			name = NuorisoKortti;
			packageProductDependencies = (
				8E43C86A295C772200B1BF51 /* FirebaseAnalytics */,
				8E43C86C295C772200B1BF51 /* FirebaseAnalyticsSwift */,
			);
			productName = NuorisoKortti;
			productReference = 8E4CA15F2923760C00D06651 /* NuorisoKortti.app */;
			productType = "com.apple.product-type.application";
		};
		8E4CA1742923760F00D06651 /* NuorisoKorttiTests */ = {
			isa = PBXNativeTarget;
			buildConfigurationList = 8E4CA18C2923760F00D06651 /* Build configuration list for PBXNativeTarget "NuorisoKorttiTests" */;
			buildPhases = (
				8E4CA1712923760F00D06651 /* Sources */,
				8E4CA1722923760F00D06651 /* Frameworks */,
				8E4CA1732923760F00D06651 /* Resources */,
			);
			buildRules = (
			);
			dependencies = (
				8E4CA1772923760F00D06651 /* PBXTargetDependency */,
			);
			name = NuorisoKorttiTests;
			productName = NuorisoKorttiTests;
			productReference = 8E4CA1752923760F00D06651 /* NuorisoKorttiTests.xctest */;
			productType = "com.apple.product-type.bundle.unit-test";
		};
		8E4CA17E2923760F00D06651 /* NuorisoKorttiUITests */ = {
			isa = PBXNativeTarget;
			buildConfigurationList = 8E4CA18F2923760F00D06651 /* Build configuration list for PBXNativeTarget "NuorisoKorttiUITests" */;
			buildPhases = (
				8E4CA17B2923760F00D06651 /* Sources */,
				8E4CA17C2923760F00D06651 /* Frameworks */,
				8E4CA17D2923760F00D06651 /* Resources */,
			);
			buildRules = (
			);
			dependencies = (
				8E4CA1812923760F00D06651 /* PBXTargetDependency */,
			);
			name = NuorisoKorttiUITests;
			productName = NuorisoKorttiUITests;
			productReference = 8E4CA17F2923760F00D06651 /* NuorisoKorttiUITests.xctest */;
			productType = "com.apple.product-type.bundle.ui-testing";
		};
/* End PBXNativeTarget section */

/* Begin PBXProject section */
		8E4CA1572923760C00D06651 /* Project object */ = {
			isa = PBXProject;
			attributes = {
				BuildIndependentTargetsInParallel = 1;
				LastSwiftUpdateCheck = 1410;
				LastUpgradeCheck = 1410;
				TargetAttributes = {
					8E4CA15E2923760C00D06651 = {
						CreatedOnToolsVersion = 14.1;
					};
					8E4CA1742923760F00D06651 = {
						CreatedOnToolsVersion = 14.1;
						TestTargetID = 8E4CA15E2923760C00D06651;
					};
					8E4CA17E2923760F00D06651 = {
						CreatedOnToolsVersion = 14.1;
						TestTargetID = 8E4CA15E2923760C00D06651;
					};
				};
			};
			buildConfigurationList = 8E4CA15A2923760C00D06651 /* Build configuration list for PBXProject "NuorisoKortti" */;
			compatibilityVersion = "Xcode 14.0";
			developmentRegion = en;
			hasScannedForEncodings = 0;
			knownRegions = (
				en,
				Base,
			);
			mainGroup = 8E4CA1562923760C00D06651;
			packageReferences = (
				8E43C869295C772200B1BF51 /* XCRemoteSwiftPackageReference "firebase-ios-sdk" */,
			);
			productRefGroup = 8E4CA1602923760C00D06651 /* Products */;
			projectDirPath = "";
			projectRoot = "";
			targets = (
				8E4CA15E2923760C00D06651 /* NuorisoKortti */,
				8E4CA1742923760F00D06651 /* NuorisoKorttiTests */,
				8E4CA17E2923760F00D06651 /* NuorisoKorttiUITests */,
			);
		};
/* End PBXProject section */

/* Begin PBXResourcesBuildPhase section */
		8E4CA15D2923760C00D06651 /* Resources */ = {
			isa = PBXResourcesBuildPhase;
			buildActionMask = 2147483647;
			files = (
				8E4CA16F2923760F00D06651 /* LaunchScreen.storyboard in Resources */,
				8E43C868295C71ED00B1BF51 /* GoogleService-Info.plist in Resources */,
				8E4CA16C2923760F00D06651 /* Assets.xcassets in Resources */,
				8E4CA16A2923760C00D06651 /* Main.storyboard in Resources */,
			);
			runOnlyForDeploymentPostprocessing = 0;
		};
		8E4CA1732923760F00D06651 /* Resources */ = {
			isa = PBXResourcesBuildPhase;
			buildActionMask = 2147483647;
			files = (
			);
			runOnlyForDeploymentPostprocessing = 0;
		};
		8E4CA17D2923760F00D06651 /* Resources */ = {
			isa = PBXResourcesBuildPhase;
			buildActionMask = 2147483647;
			files = (
			);
			runOnlyForDeploymentPostprocessing = 0;
		};
/* End PBXResourcesBuildPhase section */

/* Begin PBXSourcesBuildPhase section */
		8E4CA15B2923760C00D06651 /* Sources */ = {
			isa = PBXSourcesBuildPhase;
			buildActionMask = 2147483647;
			files = (
				8E4CA1672923760C00D06651 /* ViewController.swift in Sources */,
				8E4CA1632923760C00D06651 /* AppDelegate.swift in Sources */,
				8E4CA1652923760C00D06651 /* SceneDelegate.swift in Sources */,
			);
			runOnlyForDeploymentPostprocessing = 0;
		};
		8E4CA1712923760F00D06651 /* Sources */ = {
			isa = PBXSourcesBuildPhase;
			buildActionMask = 2147483647;
			files = (
				8E4CA17A2923760F00D06651 /* NuorisoKorttiTests.swift in Sources */,
			);
			runOnlyForDeploymentPostprocessing = 0;
		};
		8E4CA17B2923760F00D06651 /* Sources */ = {
			isa = PBXSourcesBuildPhase;
			buildActionMask = 2147483647;
			files = (
				8E4CA1842923760F00D06651 /* NuorisoKorttiUITests.swift in Sources */,
				8E4CA1862923760F00D06651 /* NuorisoKorttiUITestsLaunchTests.swift in Sources */,
			);
			runOnlyForDeploymentPostprocessing = 0;
		};
/* End PBXSourcesBuildPhase section */

/* Begin PBXTargetDependency section */
		8E4CA1772923760F00D06651 /* PBXTargetDependency */ = {
			isa = PBXTargetDependency;
			target = 8E4CA15E2923760C00D06651 /* NuorisoKortti */;
			targetProxy = 8E4CA1762923760F00D06651 /* PBXContainerItemProxy */;
		};
		8E4CA1812923760F00D06651 /* PBXTargetDependency */ = {
			isa = PBXTargetDependency;
			target = 8E4CA15E2923760C00D06651 /* NuorisoKortti */;
			targetProxy = 8E4CA1802923760F00D06651 /* PBXContainerItemProxy */;
		};
/* End PBXTargetDependency section */

/* Begin PBXVariantGroup section */
		8E4CA1682923760C00D06651 /* Main.storyboard */ = {
			isa = PBXVariantGroup;
			children = (
				8E4CA1692923760C00D06651 /* Base */,
			);
			name = Main.storyboard;
			sourceTree = "<group>";
		};
		8E4CA16D2923760F00D06651 /* LaunchScreen.storyboard */ = {
			isa = PBXVariantGroup;
			children = (
				8E4CA16E2923760F00D06651 /* Base */,
			);
			name = LaunchScreen.storyboard;
			sourceTree = "<group>";
		};
/* End PBXVariantGroup section */

/* Begin XCBuildConfiguration section */
		8E4CA1872923760F00D06651 /* Debug */ = {
			isa = XCBuildConfiguration;
			buildSettings = {
				ALWAYS_SEARCH_USER_PATHS = NO;
				CLANG_ANALYZER_NONNULL = YES;
				CLANG_ANALYZER_NUMBER_OBJECT_CONVERSION = YES_AGGRESSIVE;
				CLANG_CXX_LANGUAGE_STANDARD = "gnu++20";
				CLANG_ENABLE_MODULES = YES;
				CLANG_ENABLE_OBJC_ARC = YES;
				CLANG_ENABLE_OBJC_WEAK = YES;
				CLANG_WARN_BLOCK_CAPTURE_AUTORELEASING = YES;
				CLANG_WARN_BOOL_CONVERSION = YES;
				CLANG_WARN_COMMA = YES;
				CLANG_WARN_CONSTANT_CONVERSION = YES;
				CLANG_WARN_DEPRECATED_OBJC_IMPLEMENTATIONS = YES;
				CLANG_WARN_DIRECT_OBJC_ISA_USAGE = YES_ERROR;
				CLANG_WARN_DOCUMENTATION_COMMENTS = YES;
				CLANG_WARN_EMPTY_BODY = YES;
				CLANG_WARN_ENUM_CONVERSION = YES;
				CLANG_WARN_INFINITE_RECURSION = YES;
				CLANG_WARN_INT_CONVERSION = YES;
				CLANG_WARN_NON_LITERAL_NULL_CONVERSION = YES;
				CLANG_WARN_OBJC_IMPLICIT_RETAIN_SELF = YES;
				CLANG_WARN_OBJC_LITERAL_CONVERSION = YES;
				CLANG_WARN_OBJC_ROOT_CLASS = YES_ERROR;
				CLANG_WARN_QUOTED_INCLUDE_IN_FRAMEWORK_HEADER = YES;
				CLANG_WARN_RANGE_LOOP_ANALYSIS = YES;
				CLANG_WARN_STRICT_PROTOTYPES = YES;
				CLANG_WARN_SUSPICIOUS_MOVE = YES;
				CLANG_WARN_UNGUARDED_AVAILABILITY = YES_AGGRESSIVE;
				CLANG_WARN_UNREACHABLE_CODE = YES;
				CLANG_WARN__DUPLICATE_METHOD_MATCH = YES;
				COPY_PHASE_STRIP = NO;
				DEBUG_INFORMATION_FORMAT = dwarf;
				ENABLE_STRICT_OBJC_MSGSEND = YES;
				ENABLE_TESTABILITY = YES;
				GCC_C_LANGUAGE_STANDARD = gnu11;
				GCC_DYNAMIC_NO_PIC = NO;
				GCC_NO_COMMON_BLOCKS = YES;
				GCC_OPTIMIZATION_LEVEL = 0;
				GCC_PREPROCESSOR_DEFINITIONS = (
					"DEBUG=1",
					"$(inherited)",
				);
				GCC_WARN_64_TO_32_BIT_CONVERSION = YES;
				GCC_WARN_ABOUT_RETURN_TYPE = YES_ERROR;
				GCC_WARN_UNDECLARED_SELECTOR = YES;
				GCC_WARN_UNINITIALIZED_AUTOS = YES_AGGRESSIVE;
				GCC_WARN_UNUSED_FUNCTION = YES;
				GCC_WARN_UNUSED_VARIABLE = YES;
				IPHONEOS_DEPLOYMENT_TARGET = 16.1;
				MTL_ENABLE_DEBUG_INFO = INCLUDE_SOURCE;
				MTL_FAST_MATH = YES;
				ONLY_ACTIVE_ARCH = YES;
				SDKROOT = iphoneos;
				SWIFT_ACTIVE_COMPILATION_CONDITIONS = DEBUG;
				SWIFT_OPTIMIZATION_LEVEL = "-Onone";
			};
			name = Debug;
		};
		8E4CA1882923760F00D06651 /* Release */ = {
			isa = XCBuildConfiguration;
			buildSettings = {
				ALWAYS_SEARCH_USER_PATHS = NO;
				CLANG_ANALYZER_NONNULL = YES;
				CLANG_ANALYZER_NUMBER_OBJECT_CONVERSION = YES_AGGRESSIVE;
				CLANG_CXX_LANGUAGE_STANDARD = "gnu++20";
				CLANG_ENABLE_MODULES = YES;
				CLANG_ENABLE_OBJC_ARC = YES;
				CLANG_ENABLE_OBJC_WEAK = YES;
				CLANG_WARN_BLOCK_CAPTURE_AUTORELEASING = YES;
				CLANG_WARN_BOOL_CONVERSION = YES;
				CLANG_WARN_COMMA = YES;
				CLANG_WARN_CONSTANT_CONVERSION = YES;
				CLANG_WARN_DEPRECATED_OBJC_IMPLEMENTATIONS = YES;
				CLANG_WARN_DIRECT_OBJC_ISA_USAGE = YES_ERROR;
				CLANG_WARN_DOCUMENTATION_COMMENTS = YES;
				CLANG_WARN_EMPTY_BODY = YES;
				CLANG_WARN_ENUM_CONVERSION = YES;
				CLANG_WARN_INFINITE_RECURSION = YES;
				CLANG_WARN_INT_CONVERSION = YES;
				CLANG_WARN_NON_LITERAL_NULL_CONVERSION = YES;
				CLANG_WARN_OBJC_IMPLICIT_RETAIN_SELF = YES;
				CLANG_WARN_OBJC_LITERAL_CONVERSION = YES;
				CLANG_WARN_OBJC_ROOT_CLASS = YES_ERROR;
				CLANG_WARN_QUOTED_INCLUDE_IN_FRAMEWORK_HEADER = YES;
				CLANG_WARN_RANGE_LOOP_ANALYSIS = YES;
				CLANG_WARN_STRICT_PROTOTYPES = YES;
				CLANG_WARN_SUSPICIOUS_MOVE = YES;
				CLANG_WARN_UNGUARDED_AVAILABILITY = YES_AGGRESSIVE;
				CLANG_WARN_UNREACHABLE_CODE = YES;
				CLANG_WARN__DUPLICATE_METHOD_MATCH = YES;
				COPY_PHASE_STRIP = NO;
				DEBUG_INFORMATION_FORMAT = "dwarf-with-dsym";
				ENABLE_NS_ASSERTIONS = NO;
				ENABLE_STRICT_OBJC_MSGSEND = YES;
				GCC_C_LANGUAGE_STANDARD = gnu11;
				GCC_NO_COMMON_BLOCKS = YES;
				GCC_WARN_64_TO_32_BIT_CONVERSION = YES;
				GCC_WARN_ABOUT_RETURN_TYPE = YES_ERROR;
				GCC_WARN_UNDECLARED_SELECTOR = YES;
				GCC_WARN_UNINITIALIZED_AUTOS = YES_AGGRESSIVE;
				GCC_WARN_UNUSED_FUNCTION = YES;
				GCC_WARN_UNUSED_VARIABLE = YES;
				IPHONEOS_DEPLOYMENT_TARGET = 16.1;
				MTL_ENABLE_DEBUG_INFO = NO;
				MTL_FAST_MATH = YES;
				SDKROOT = iphoneos;
				SWIFT_COMPILATION_MODE = wholemodule;
				SWIFT_OPTIMIZATION_LEVEL = "-O";
				VALIDATE_PRODUCT = YES;
			};
			name = Release;
		};
		8E4CA18A2923760F00D06651 /* Debug */ = {
			isa = XCBuildConfiguration;
			buildSettings = {
				ASSETCATALOG_COMPILER_APPICON_NAME = AppIcon;
				ASSETCATALOG_COMPILER_GLOBAL_ACCENT_COLOR_NAME = AccentColor;
				CODE_SIGN_STYLE = Automatic;
				CURRENT_PROJECT_VERSION = 1;
				DEVELOPMENT_TEAM = 4QZ63UZQL2;
				GENERATE_INFOPLIST_FILE = YES;
				INFOPLIST_FILE = NuorisoKortti/Info.plist;
				INFOPLIST_KEY_LSApplicationCategoryType = "";
				INFOPLIST_KEY_UIApplicationSupportsIndirectInputEvents = YES;
				INFOPLIST_KEY_UIMainStoryboardFile = Main;
				INFOPLIST_KEY_UIStatusBarStyle = "";
				INFOPLIST_KEY_UISupportedInterfaceOrientations = UIInterfaceOrientationPortrait;
				LD_RUNPATH_SEARCH_PATHS = (
					"$(inherited)",
					"@executable_path/Frameworks",
				);
				MARKETING_VERSION = 1.0;
				PRODUCT_BUNDLE_IDENTIFIER = Pumpkin.NuorisoKortti;
				PRODUCT_NAME = "$(TARGET_NAME)";
				SWIFT_EMIT_LOC_STRINGS = YES;
				SWIFT_VERSION = 5.0;
				TARGETED_DEVICE_FAMILY = "1,2";
			};
			name = Debug;
		};
		8E4CA18B2923760F00D06651 /* Release */ = {
			isa = XCBuildConfiguration;
			buildSettings = {
				ASSETCATALOG_COMPILER_APPICON_NAME = AppIcon;
				ASSETCATALOG_COMPILER_GLOBAL_ACCENT_COLOR_NAME = AccentColor;
				CODE_SIGN_STYLE = Automatic;
				CURRENT_PROJECT_VERSION = 1;
				DEVELOPMENT_TEAM = 4QZ63UZQL2;
				GENERATE_INFOPLIST_FILE = YES;
				INFOPLIST_FILE = NuorisoKortti/Info.plist;
				INFOPLIST_KEY_LSApplicationCategoryType = "";
				INFOPLIST_KEY_UIApplicationSupportsIndirectInputEvents = YES;
				INFOPLIST_KEY_UIMainStoryboardFile = Main;
				INFOPLIST_KEY_UIStatusBarStyle = "";
				INFOPLIST_KEY_UISupportedInterfaceOrientations = UIInterfaceOrientationPortrait;
				LD_RUNPATH_SEARCH_PATHS = (
					"$(inherited)",
					"@executable_path/Frameworks",
				);
				MARKETING_VERSION = 1.0;
				PRODUCT_BUNDLE_IDENTIFIER = Pumpkin.NuorisoKortti;
				PRODUCT_NAME = "$(TARGET_NAME)";
				SWIFT_EMIT_LOC_STRINGS = YES;
				SWIFT_VERSION = 5.0;
				TARGETED_DEVICE_FAMILY = "1,2";
			};
			name = Release;
		};
		8E4CA18D2923760F00D06651 /* Debug */ = {
			isa = XCBuildConfiguration;
			buildSettings = {
				ALWAYS_EMBED_SWIFT_STANDARD_LIBRARIES = YES;
				BUNDLE_LOADER = "$(TEST_HOST)";
				CODE_SIGN_STYLE = Automatic;
				CURRENT_PROJECT_VERSION = 1;
				GENERATE_INFOPLIST_FILE = YES;
				IPHONEOS_DEPLOYMENT_TARGET = 16.1;
				MARKETING_VERSION = 1.0;
				PRODUCT_BUNDLE_IDENTIFIER = Pumpkin.NuorisoKorttiTests;
				PRODUCT_NAME = "$(TARGET_NAME)";
				SWIFT_EMIT_LOC_STRINGS = NO;
				SWIFT_VERSION = 5.0;
				TARGETED_DEVICE_FAMILY = "1,2";
				TEST_HOST = "$(BUILT_PRODUCTS_DIR)/NuorisoKortti.app/$(BUNDLE_EXECUTABLE_FOLDER_PATH)/NuorisoKortti";
			};
			name = Debug;
		};
		8E4CA18E2923760F00D06651 /* Release */ = {
			isa = XCBuildConfiguration;
			buildSettings = {
				ALWAYS_EMBED_SWIFT_STANDARD_LIBRARIES = YES;
				BUNDLE_LOADER = "$(TEST_HOST)";
				CODE_SIGN_STYLE = Automatic;
				CURRENT_PROJECT_VERSION = 1;
				GENERATE_INFOPLIST_FILE = YES;
				IPHONEOS_DEPLOYMENT_TARGET = 16.1;
				MARKETING_VERSION = 1.0;
				PRODUCT_BUNDLE_IDENTIFIER = Pumpkin.NuorisoKorttiTests;
				PRODUCT_NAME = "$(TARGET_NAME)";
				SWIFT_EMIT_LOC_STRINGS = NO;
				SWIFT_VERSION = 5.0;
				TARGETED_DEVICE_FAMILY = "1,2";
				TEST_HOST = "$(BUILT_PRODUCTS_DIR)/NuorisoKortti.app/$(BUNDLE_EXECUTABLE_FOLDER_PATH)/NuorisoKortti";
			};
			name = Release;
		};
		8E4CA1902923760F00D06651 /* Debug */ = {
			isa = XCBuildConfiguration;
			buildSettings = {
				ALWAYS_EMBED_SWIFT_STANDARD_LIBRARIES = YES;
				CODE_SIGN_STYLE = Automatic;
				CURRENT_PROJECT_VERSION = 1;
				GENERATE_INFOPLIST_FILE = YES;
				MARKETING_VERSION = 1.0;
				PRODUCT_BUNDLE_IDENTIFIER = Pumpkin.NuorisoKorttiUITests;
				PRODUCT_NAME = "$(TARGET_NAME)";
				SWIFT_EMIT_LOC_STRINGS = NO;
				SWIFT_VERSION = 5.0;
				TARGETED_DEVICE_FAMILY = "1,2";
				TEST_TARGET_NAME = NuorisoKortti;
			};
			name = Debug;
		};
		8E4CA1912923760F00D06651 /* Release */ = {
			isa = XCBuildConfiguration;
			buildSettings = {
				ALWAYS_EMBED_SWIFT_STANDARD_LIBRARIES = YES;
				CODE_SIGN_STYLE = Automatic;
				CURRENT_PROJECT_VERSION = 1;
				GENERATE_INFOPLIST_FILE = YES;
				MARKETING_VERSION = 1.0;
				PRODUCT_BUNDLE_IDENTIFIER = Pumpkin.NuorisoKorttiUITests;
				PRODUCT_NAME = "$(TARGET_NAME)";
				SWIFT_EMIT_LOC_STRINGS = NO;
				SWIFT_VERSION = 5.0;
				TARGETED_DEVICE_FAMILY = "1,2";
				TEST_TARGET_NAME = NuorisoKortti;
			};
			name = Release;
		};
/* End XCBuildConfiguration section */

/* Begin XCConfigurationList section */
		8E4CA15A2923760C00D06651 /* Build configuration list for PBXProject "NuorisoKortti" */ = {
			isa = XCConfigurationList;
			buildConfigurations = (
				8E4CA1872923760F00D06651 /* Debug */,
				8E4CA1882923760F00D06651 /* Release */,
			);
			defaultConfigurationIsVisible = 0;
			defaultConfigurationName = Release;
		};
		8E4CA1892923760F00D06651 /* Build configuration list for PBXNativeTarget "NuorisoKortti" */ = {
			isa = XCConfigurationList;
			buildConfigurations = (
				8E4CA18A2923760F00D06651 /* Debug */,
				8E4CA18B2923760F00D06651 /* Release */,
			);
			defaultConfigurationIsVisible = 0;
			defaultConfigurationName = Release;
		};
		8E4CA18C2923760F00D06651 /* Build configuration list for PBXNativeTarget "NuorisoKorttiTests" */ = {
			isa = XCConfigurationList;
			buildConfigurations = (
				8E4CA18D2923760F00D06651 /* Debug */,
				8E4CA18E2923760F00D06651 /* Release */,
			);
			defaultConfigurationIsVisible = 0;
			defaultConfigurationName = Release;
		};
		8E4CA18F2923760F00D06651 /* Build configuration list for PBXNativeTarget "NuorisoKorttiUITests" */ = {
			isa = XCConfigurationList;
			buildConfigurations = (
				8E4CA1902923760F00D06651 /* Debug */,
				8E4CA1912923760F00D06651 /* Release */,
			);
			defaultConfigurationIsVisible = 0;
			defaultConfigurationName = Release;
		};
/* End XCConfigurationList section */

/* Begin XCRemoteSwiftPackageReference section */
		8E43C869295C772200B1BF51 /* XCRemoteSwiftPackageReference "firebase-ios-sdk" */ = {
			isa = XCRemoteSwiftPackageReference;
			repositoryURL = "https://github.com/firebase/firebase-ios-sdk";
			requirement = {
				kind = upToNextMajorVersion;
				minimumVersion = 9.0.0;
			};
		};
/* End XCRemoteSwiftPackageReference section */

/* Begin XCSwiftPackageProductDependency section */
		8E43C86A295C772200B1BF51 /* FirebaseAnalytics */ = {
			isa = XCSwiftPackageProductDependency;
			package = 8E43C869295C772200B1BF51 /* XCRemoteSwiftPackageReference "firebase-ios-sdk" */;
			productName = FirebaseAnalytics;
		};
		8E43C86C295C772200B1BF51 /* FirebaseAnalyticsSwift */ = {
			isa = XCSwiftPackageProductDependency;
			package = 8E43C869295C772200B1BF51 /* XCRemoteSwiftPackageReference "firebase-ios-sdk" */;
			productName = FirebaseAnalyticsSwift;
		};
/* End XCSwiftPackageProductDependency section */
	};
	rootObject = 8E4CA1572923760C00D06651 /* Project object */;
}
